
Microsoft Visual Studio Solution File, Format Version 11.00
# Visual Studio 2010
Project("{FAE04EC0-301F-11D3-BF4B-00C04F79EFBC}") = "Assembly-CSharp", "Assembly-CSharp.csproj", "{7aff62c5-df05-4f91-ec50-dfa91a2d0c1d}"
EndProject
Project("{FAE04EC0-301F-11D3-BF4B-00C04F79EFBC}") = "Assembly-CSharp-firstpass", "Assembly-CSharp-firstpass.csproj", "{096907fe-04ae-486b-6bec-ad1aa1995131}"
EndProject
Project("{FAE04EC0-301F-11D3-BF4B-00C04F79EFBC}") = "Assembly-CSharp-Editor", "Assembly-CSharp-Editor.csproj", "{4e03126c-24b7-87d1-ee74-5879f9b7b91e}"
EndProject
Global
	GlobalSection(SolutionConfigurationPlatforms) = preSolution
		Debug|Any CPU = Debug|Any CPU
	EndGlobalSection
	GlobalSection(ProjectConfigurationPlatforms) = postSolution
		{7aff62c5-df05-4f91-ec50-dfa91a2d0c1d}.Debug|Any CPU.ActiveCfg = Debug|Any CPU
		{7aff62c5-df05-4f91-ec50-dfa91a2d0c1d}.Debug|Any CPU.Build.0 = Debug|Any CPU
		{096907fe-04ae-486b-6bec-ad1aa1995131}.Debug|Any CPU.ActiveCfg = Debug|Any CPU
		{096907fe-04ae-486b-6bec-ad1aa1995131}.Debug|Any CPU.Build.0 = Debug|Any CPU
		{4e03126c-24b7-87d1-ee74-5879f9b7b91e}.Debug|Any CPU.ActiveCfg = Debug|Any CPU
		{4e03126c-24b7-87d1-ee74-5879f9b7b91e}.Debug|Any CPU.Build.0 = Debug|Any CPU
	EndGlobalSection
	GlobalSection(SolutionProperties) = preSolution
		HideSolutionNode = FALSE
	EndGlobalSection
EndGlobal
